
Microsoft Visual Studio Solution File, Format Version 12.00
# Visual Studio Version 17
VisualStudioVersion = 17.9.34728.123
MinimumVisualStudioVersion = 10.0.40219.1
Project("{9A19103F-16F7-4668-BE54-9A1E7A4F7556}") = "Cliente", "Cliente\Cliente.csproj", "{2D233952-FFE1-452D-B371-B7CC75322676}"
EndProject
Project("{9A19103F-16F7-4668-BE54-9A1E7A4F7556}") = "Servidor", "Servidor\Servidor.csproj", "{58E01D59-5A10-4F54-BF05-E020A4BA8CF0}"
EndProject
Global
	GlobalSection(SolutionConfigurationPlatforms) = preSolution
		Debug|Any CPU = Debug|Any CPU
		Release|Any CPU = Release|Any CPU
	EndGlobalSection
	GlobalSection(ProjectConfigurationPlatforms) = postSolution
		{2D233952-FFE1-452D-B371-B7CC75322676}.Debug|Any CPU.ActiveCfg = Debug|Any CPU
		{2D233952-FFE1-452D-B371-B7CC75322676}.Debug|Any CPU.Build.0 = Debug|Any CPU
		{2D233952-FFE1-452D-B371-B7CC75322676}.Release|Any CPU.ActiveCfg = Release|Any CPU
		{2D233952-FFE1-452D-B371-B7CC75322676}.Release|Any CPU.Build.0 = Release|Any CPU
		{58E01D59-5A10-4F54-BF05-E020A4BA8CF0}.Debug|Any CPU.ActiveCfg = Debug|Any CPU
		{58E01D59-5A10-4F54-BF05-E020A4BA8CF0}.Debug|Any CPU.Build.0 = Debug|Any CPU
		{58E01D59-5A10-4F54-BF05-E020A4BA8CF0}.Release|Any CPU.ActiveCfg = Release|Any CPU
		{58E01D59-5A10-4F54-BF05-E020A4BA8CF0}.Release|Any CPU.Build.0 = Release|Any CPU
	EndGlobalSection
	GlobalSection(SolutionProperties) = preSolution
		HideSolutionNode = FALSE
	EndGlobalSection
	GlobalSection(ExtensibilityGlobals) = postSolution
		SolutionGuid = {CD7A45D1-5159-4812-BA99-26C2045E34B9}
	EndGlobalSection
EndGlobal
